
Microsoft Visual Studio Solution File, Format Version 12.00
# Visual Studio Version 16
VisualStudioVersion = 16.0.31112.23
MinimumVisualStudioVersion = 10.0.40219.1
Project("{FAE04EC0-301F-11D3-BF4B-00C04F79EFBC}") = "AllureNUnitTask", "AllureNUnitTask\AllureNUnitTask.csproj", "{10E6550A-95E0-4310-98BE-77E793403317}"
EndProject
Project("{FAE04EC0-301F-11D3-BF4B-00C04F79EFBC}") = "Framework", "Framework\Framework.csproj", "{AEA7E1C0-A119-439C-80FB-DB3103A50517}"
EndProject
Global
	GlobalSection(SolutionConfigurationPlatforms) = preSolution
		Debug|Any CPU = Debug|Any CPU
		Release|Any CPU = Release|Any CPU
	EndGlobalSection
	GlobalSection(ProjectConfigurationPlatforms) = postSolution
		{10E6550A-95E0-4310-98BE-77E793403317}.Debug|Any CPU.ActiveCfg = Debug|Any CPU
		{10E6550A-95E0-4310-98BE-77E793403317}.Debug|Any CPU.Build.0 = Debug|Any CPU
		{10E6550A-95E0-4310-98BE-77E793403317}.Release|Any CPU.ActiveCfg = Release|Any CPU
		{10E6550A-95E0-4310-98BE-77E793403317}.Release|Any CPU.Build.0 = Release|Any CPU
		{AEA7E1C0-A119-439C-80FB-DB3103A50517}.Debug|Any CPU.ActiveCfg = Debug|Any CPU
		{AEA7E1C0-A119-439C-80FB-DB3103A50517}.Debug|Any CPU.Build.0 = Debug|Any CPU
		{AEA7E1C0-A119-439C-80FB-DB3103A50517}.Release|Any CPU.ActiveCfg = Release|Any CPU
		{AEA7E1C0-A119-439C-80FB-DB3103A50517}.Release|Any CPU.Build.0 = Release|Any CPU
	EndGlobalSection
	GlobalSection(SolutionProperties) = preSolution
		HideSolutionNode = FALSE
	EndGlobalSection
	GlobalSection(ExtensibilityGlobals) = postSolution
		SolutionGuid = {5377E7F0-CC0D-4DEF-829D-5D5E377FBCA4}
	EndGlobalSection
EndGlobal
